// !$*UTF8*$!
{
	archiveVersion = 1;
	classes = {
	};
	objectVersion = 46;
	objects = {

/* Begin PBXBuildFile section */
		D31C16E41A7811AF00DDF9B6 /* AppDelegate.swift in Sources */ = {isa = PBXBuildFile; fileRef = D31C16E31A7811AF00DDF9B6 /* AppDelegate.swift */; };
		D31C16E71A7811AF00DDF9B6 /* Coryat_Swift.xcdatamodeld in Sources */ = {isa = PBXBuildFile; fileRef = D31C16E51A7811AF00DDF9B6 /* Coryat_Swift.xcdatamodeld */; };
		D31C16EC1A7811AF00DDF9B6 /* Main.storyboard in Resources */ = {isa = PBXBuildFile; fileRef = D31C16EA1A7811AF00DDF9B6 /* Main.storyboard */; };
		D31C16EE1A7811AF00DDF9B6 /* Images.xcassets in Resources */ = {isa = PBXBuildFile; fileRef = D31C16ED1A7811AF00DDF9B6 /* Images.xcassets */; };
		D31C16F11A7811AF00DDF9B6 /* LaunchScreen.xib in Resources */ = {isa = PBXBuildFile; fileRef = D31C16EF1A7811AF00DDF9B6 /* LaunchScreen.xib */; };
		D31C16FD1A7811AF00DDF9B6 /* Coryat_SwiftTests.swift in Sources */ = {isa = PBXBuildFile; fileRef = D31C16FC1A7811AF00DDF9B6 /* Coryat_SwiftTests.swift */; };
		D31DF4401A8055D700AD6102 /* GameSelectionViewController.swift in Sources */ = {isa = PBXBuildFile; fileRef = D31DF43F1A8055D700AD6102 /* GameSelectionViewController.swift */; };
		D31DF4481A819ED000AD6102 /* Clue.swift in Sources */ = {isa = PBXBuildFile; fileRef = D31DF4471A819ED000AD6102 /* Clue.swift */; };
		D31DF44A1A819EF300AD6102 /* Game.swift in Sources */ = {isa = PBXBuildFile; fileRef = D31DF4491A819EF300AD6102 /* Game.swift */; };
/* End PBXBuildFile section */

/* Begin PBXContainerItemProxy section */
		D31C16F71A7811AF00DDF9B6 /* PBXContainerItemProxy */ = {
			isa = PBXContainerItemProxy;
			containerPortal = D31C16D61A7811AF00DDF9B6 /* Project object */;
			proxyType = 1;
			remoteGlobalIDString = D31C16DD1A7811AF00DDF9B6;
			remoteInfo = "Coryat-Swift";
		};
/* End PBXContainerItemProxy section */

/* Begin PBXFileReference section */
		D31C16DE1A7811AF00DDF9B6 /* Coryat-Swift.app */ = {isa = PBXFileReference; explicitFileType = wrapper.application; includeInIndex = 0; path = "Coryat-Swift.app"; sourceTree = BUILT_PRODUCTS_DIR; };
		D31C16E21A7811AF00DDF9B6 /* Info.plist */ = {isa = PBXFileReference; lastKnownFileType = text.plist.xml; path = Info.plist; sourceTree = "<group>"; };
		D31C16E31A7811AF00DDF9B6 /* AppDelegate.swift */ = {isa = PBXFileReference; lastKnownFileType = sourcecode.swift; path = AppDelegate.swift; sourceTree = "<group>"; };
		D31C16E61A7811AF00DDF9B6 /* Coryat_Swift.xcdatamodel */ = {isa = PBXFileReference; lastKnownFileType = wrapper.xcdatamodel; path = Coryat_Swift.xcdatamodel; sourceTree = "<group>"; };
		D31C16EB1A7811AF00DDF9B6 /* Base */ = {isa = PBXFileReference; lastKnownFileType = file.storyboard; name = Base; path = Base.lproj/Main.storyboard; sourceTree = "<group>"; };
		D31C16ED1A7811AF00DDF9B6 /* Images.xcassets */ = {isa = PBXFileReference; lastKnownFileType = folder.assetcatalog; path = Images.xcassets; sourceTree = "<group>"; };
		D31C16F01A7811AF00DDF9B6 /* Base */ = {isa = PBXFileReference; lastKnownFileType = file.xib; name = Base; path = Base.lproj/LaunchScreen.xib; sourceTree = "<group>"; };
		D31C16F61A7811AF00DDF9B6 /* Coryat-SwiftTests.xctest */ = {isa = PBXFileReference; explicitFileType = wrapper.cfbundle; includeInIndex = 0; path = "Coryat-SwiftTests.xctest"; sourceTree = BUILT_PRODUCTS_DIR; };
		D31C16FB1A7811AF00DDF9B6 /* Info.plist */ = {isa = PBXFileReference; lastKnownFileType = text.plist.xml; path = Info.plist; sourceTree = "<group>"; };
		D31C16FC1A7811AF00DDF9B6 /* Coryat_SwiftTests.swift */ = {isa = PBXFileReference; lastKnownFileType = sourcecode.swift; path = Coryat_SwiftTests.swift; sourceTree = "<group>"; };
		D31DF43F1A8055D700AD6102 /* GameSelectionViewController.swift */ = {isa = PBXFileReference; fileEncoding = 4; lastKnownFileType = sourcecode.swift; path = GameSelectionViewController.swift; sourceTree = "<group>"; };
		D31DF4471A819ED000AD6102 /* Clue.swift */ = {isa = PBXFileReference; fileEncoding = 4; lastKnownFileType = sourcecode.swift; path = Clue.swift; sourceTree = SOURCE_ROOT; };
		D31DF4491A819EF300AD6102 /* Game.swift */ = {isa = PBXFileReference; fileEncoding = 4; lastKnownFileType = sourcecode.swift; path = Game.swift; sourceTree = SOURCE_ROOT; };
/* End PBXFileReference section */

/* Begin PBXFrameworksBuildPhase section */
		D31C16DB1A7811AF00DDF9B6 /* Frameworks */ = {
			isa = PBXFrameworksBuildPhase;
			buildActionMask = 2147483647;
			files = (
			);
			runOnlyForDeploymentPostprocessing = 0;
		};
		D31C16F31A7811AF00DDF9B6 /* Frameworks */ = {
			isa = PBXFrameworksBuildPhase;
			buildActionMask = 2147483647;
			files = (
			);
			runOnlyForDeploymentPostprocessing = 0;
		};
/* End PBXFrameworksBuildPhase section */

/* Begin PBXGroup section */
		D31C16D51A7811AF00DDF9B6 = {
			isa = PBXGroup;
			children = (
				D31C16E01A7811AF00DDF9B6 /* Coryat-Swift */,
				D31C16F91A7811AF00DDF9B6 /* Coryat-SwiftTests */,
				D31C16DF1A7811AF00DDF9B6 /* Products */,
			);
			sourceTree = "<group>";
		};
		D31C16DF1A7811AF00DDF9B6 /* Products */ = {
			isa = PBXGroup;
			children = (
				D31C16DE1A7811AF00DDF9B6 /* Coryat-Swift.app */,
				D31C16F61A7811AF00DDF9B6 /* Coryat-SwiftTests.xctest */,
			);
			name = Products;
			sourceTree = "<group>";
		};
		D31C16E01A7811AF00DDF9B6 /* Coryat-Swift */ = {
			isa = PBXGroup;
			children = (
				D31DF4471A819ED000AD6102 /* Clue.swift */,
				D31C16E31A7811AF00DDF9B6 /* AppDelegate.swift */,
				D31C16EA1A7811AF00DDF9B6 /* Main.storyboard */,
				D31C16ED1A7811AF00DDF9B6 /* Images.xcassets */,
				D31C16EF1A7811AF00DDF9B6 /* LaunchScreen.xib */,
				D31C16E51A7811AF00DDF9B6 /* Coryat_Swift.xcdatamodeld */,
				D31DF4491A819EF300AD6102 /* Game.swift */,
				D31C16E11A7811AF00DDF9B6 /* Supporting Files */,
				D31DF43F1A8055D700AD6102 /* GameSelectionViewController.swift */,
			);
			path = "Coryat-Swift";
			sourceTree = "<group>";
		};
		D31C16E11A7811AF00DDF9B6 /* Supporting Files */ = {
			isa = PBXGroup;
			children = (
				D31C16E21A7811AF00DDF9B6 /* Info.plist */,
			);
			name = "Supporting Files";
			sourceTree = "<group>";
		};
		D31C16F91A7811AF00DDF9B6 /* Coryat-SwiftTests */ = {
			isa = PBXGroup;
			children = (
				D31C16FC1A7811AF00DDF9B6 /* Coryat_SwiftTests.swift */,
				D31C16FA1A7811AF00DDF9B6 /* Supporting Files */,
			);
			path = "Coryat-SwiftTests";
			sourceTree = "<group>";
		};
		D31C16FA1A7811AF00DDF9B6 /* Supporting Files */ = {
			isa = PBXGroup;
			children = (
				D31C16FB1A7811AF00DDF9B6 /* Info.plist */,
			);
			name = "Supporting Files";
			sourceTree = "<group>";
		};
/* End PBXGroup section */

/* Begin PBXNativeTarget section */
		D31C16DD1A7811AF00DDF9B6 /* Coryat-Swift */ = {
			isa = PBXNativeTarget;
			buildConfigurationList = D31C17001A7811AF00DDF9B6 /* Build configuration list for PBXNativeTarget "Coryat-Swift" */;
			buildPhases = (
				D31C16DA1A7811AF00DDF9B6 /* Sources */,
				D31C16DB1A7811AF00DDF9B6 /* Frameworks */,
				D31C16DC1A7811AF00DDF9B6 /* Resources */,
			);
			buildRules = (
			);
			dependencies = (
			);
			name = "Coryat-Swift";
			productName = "Coryat-Swift";
			productReference = D31C16DE1A7811AF00DDF9B6 /* Coryat-Swift.app */;
			productType = "com.apple.product-type.application";
		};
		D31C16F51A7811AF00DDF9B6 /* Coryat-SwiftTests */ = {
			isa = PBXNativeTarget;
			buildConfigurationList = D31C17031A7811AF00DDF9B6 /* Build configuration list for PBXNativeTarget "Coryat-SwiftTests" */;
			buildPhases = (
				D31C16F21A7811AF00DDF9B6 /* Sources */,
				D31C16F31A7811AF00DDF9B6 /* Frameworks */,
				D31C16F41A7811AF00DDF9B6 /* Resources */,
			);
			buildRules = (
			);
			dependencies = (
				D31C16F81A7811AF00DDF9B6 /* PBXTargetDependency */,
			);
			name = "Coryat-SwiftTests";
			productName = "Coryat-SwiftTests";
			productReference = D31C16F61A7811AF00DDF9B6 /* Coryat-SwiftTests.xctest */;
			productType = "com.apple.product-type.bundle.unit-test";
		};
/* End PBXNativeTarget section */

/* Begin PBXProject section */
		D31C16D61A7811AF00DDF9B6 /* Project object */ = {
			isa = PBXProject;
			attributes = {
				LastUpgradeCheck = 0610;
				ORGANIZATIONNAME = "Michael Frain";
				TargetAttributes = {
					D31C16DD1A7811AF00DDF9B6 = {
						CreatedOnToolsVersion = 6.1.1;
					};
					D31C16F51A7811AF00DDF9B6 = {
						CreatedOnToolsVersion = 6.1.1;
						TestTargetID = D31C16DD1A7811AF00DDF9B6;
					};
				};
			};
			buildConfigurationList = D31C16D91A7811AF00DDF9B6 /* Build configuration list for PBXProject "Coryat-Swift" */;
			compatibilityVersion = "Xcode 3.2";
			developmentRegion = English;
			hasScannedForEncodings = 0;
			knownRegions = (
				en,
				Base,
			);
			mainGroup = D31C16D51A7811AF00DDF9B6;
			productRefGroup = D31C16DF1A7811AF00DDF9B6 /* Products */;
			projectDirPath = "";
			projectRoot = "";
			targets = (
				D31C16DD1A7811AF00DDF9B6 /* Coryat-Swift */,
				D31C16F51A7811AF00DDF9B6 /* Coryat-SwiftTests */,
			);
		};
/* End PBXProject section */

/* Begin PBXResourcesBuildPhase section */
		D31C16DC1A7811AF00DDF9B6 /* Resources */ = {
			isa = PBXResourcesBuildPhase;
			buildActionMask = 2147483647;
			files = (
				D31C16EC1A7811AF00DDF9B6 /* Main.storyboard in Resources */,
				D31C16F11A7811AF00DDF9B6 /* LaunchScreen.xib in Resources */,
				D31C16EE1A7811AF00DDF9B6 /* Images.xcassets in Resources */,
			);
			runOnlyForDeploymentPostprocessing = 0;
		};
		D31C16F41A7811AF00DDF9B6 /* Resources */ = {
			isa = PBXResourcesBuildPhase;
			buildActionMask = 2147483647;
			files = (
			);
			runOnlyForDeploymentPostprocessing = 0;
		};
/* End PBXResourcesBuildPhase section */

/* Begin PBXSourcesBuildPhase section */
		D31C16DA1A7811AF00DDF9B6 /* Sources */ = {
			isa = PBXSourcesBuildPhase;
			buildActionMask = 2147483647;
			files = (
				D31C16E41A7811AF00DDF9B6 /* AppDelegate.swift in Sources */,
				D31DF4481A819ED000AD6102 /* Clue.swift in Sources */,
				D31C16E71A7811AF00DDF9B6 /* Coryat_Swift.xcdatamodeld in Sources */,
				D31DF44A1A819EF300AD6102 /* Game.swift in Sources */,
				D31DF4401A8055D700AD6102 /* GameSelectionViewController.swift in Sources */,
			);
			runOnlyForDeploymentPostprocessing = 0;
		};
		D31C16F21A7811AF00DDF9B6 /* Sources */ = {
			isa = PBXSourcesBuildPhase;
			buildActionMask = 2147483647;
			files = (
				D31C16FD1A7811AF00DDF9B6 /* Coryat_SwiftTests.swift in Sources */,
			);
			runOnlyForDeploymentPostprocessing = 0;
		};
/* End PBXSourcesBuildPhase section */

/* Begin PBXTargetDependency section */
		D31C16F81A7811AF00DDF9B6 /* PBXTargetDependency */ = {
			isa = PBXTargetDependency;
			target = D31C16DD1A7811AF00DDF9B6 /* Coryat-Swift */;
			targetProxy = D31C16F71A7811AF00DDF9B6 /* PBXContainerItemProxy */;
		};
/* End PBXTargetDependency section */

/* Begin PBXVariantGroup section */
		D31C16EA1A7811AF00DDF9B6 /* Main.storyboard */ = {
			isa = PBXVariantGroup;
			children = (
				D31C16EB1A7811AF00DDF9B6 /* Base */,
			);
			name = Main.storyboard;
			sourceTree = "<group>";
		};
		D31C16EF1A7811AF00DDF9B6 /* LaunchScreen.xib */ = {
			isa = PBXVariantGroup;
			children = (
				D31C16F01A7811AF00DDF9B6 /* Base */,
			);
			name = LaunchScreen.xib;
			sourceTree = "<group>";
		};
/* End PBXVariantGroup section */

/* Begin XCBuildConfiguration section */
		D31C16FE1A7811AF00DDF9B6 /* Debug */ = {
			isa = XCBuildConfiguration;
			buildSettings = {
				ALWAYS_SEARCH_USER_PATHS = NO;
				CLANG_CXX_LANGUAGE_STANDARD = "gnu++0x";
				CLANG_CXX_LIBRARY = "libc++";
				CLANG_ENABLE_MODULES = YES;
				CLANG_ENABLE_OBJC_ARC = YES;
				CLANG_WARN_BOOL_CONVERSION = YES;
				CLANG_WARN_CONSTANT_CONVERSION = YES;
				CLANG_WARN_DIRECT_OBJC_ISA_USAGE = YES_ERROR;
				CLANG_WARN_EMPTY_BODY = YES;
				CLANG_WARN_ENUM_CONVERSION = YES;
				CLANG_WARN_INT_CONVERSION = YES;
				CLANG_WARN_OBJC_ROOT_CLASS = YES_ERROR;
				CLANG_WARN_UNREACHABLE_CODE = YES;
				CLANG_WARN__DUPLICATE_METHOD_MATCH = YES;
				"CODE_SIGN_IDENTITY[sdk=iphoneos*]" = "iPhone Developer";
				COPY_PHASE_STRIP = NO;
				ENABLE_STRICT_OBJC_MSGSEND = YES;
				GCC_C_LANGUAGE_STANDARD = gnu99;
				GCC_DYNAMIC_NO_PIC = NO;
				GCC_OPTIMIZATION_LEVEL = 0;
				GCC_PREPROCESSOR_DEFINITIONS = (
					"DEBUG=1",
					"$(inherited)",
				);
				GCC_SYMBOLS_PRIVATE_EXTERN = NO;
				GCC_WARN_64_TO_32_BIT_CONVERSION = YES;
				GCC_WARN_ABOUT_RETURN_TYPE = YES_ERROR;
				GCC_WARN_UNDECLARED_SELECTOR = YES;
				GCC_WARN_UNINITIALIZED_AUTOS = YES_AGGRESSIVE;
				GCC_WARN_UNUSED_FUNCTION = YES;
				GCC_WARN_UNUSED_VARIABLE = YES;
				IPHONEOS_DEPLOYMENT_TARGET = 8.1;
				MTL_ENABLE_DEBUG_INFO = YES;
				ONLY_ACTIVE_ARCH = YES;
				SDKROOT = iphoneos;
				SWIFT_OPTIMIZATION_LEVEL = "-Onone";
				TARGETED_DEVICE_FAMILY = "1,2";
			};
			name = Debug;
		};
		D31C16FF1A7811AF00DDF9B6 /* Release */ = {
			isa = XCBuildConfiguration;
			buildSettings = {
				ALWAYS_SEARCH_USER_PATHS = NO;
				CLANG_CXX_LANGUAGE_STANDARD = "gnu++0x";
				CLANG_CXX_LIBRARY = "libc++";
				CLANG_ENABLE_MODULES = YES;
				CLANG_ENABLE_OBJC_ARC = YES;
				CLANG_WARN_BOOL_CONVERSION = YES;
				CLANG_WARN_CONSTANT_CONVERSION = YES;
				CLANG_WARN_DIRECT_OBJC_ISA_USAGE = YES_ERROR;
				CLANG_WARN_EMPTY_BODY = YES;
				CLANG_WARN_ENUM_CONVERSION = YES;
				CLANG_WARN_INT_CONVERSION = YES;
				CLANG_WARN_OBJC_ROOT_CLASS = YES_ERROR;
				CLANG_WARN_UNREACHABLE_CODE = YES;
				CLANG_WARN__DUPLICATE_METHOD_MATCH = YES;
				"CODE_SIGN_IDENTITY[sdk=iphoneos*]" = "iPhone Developer";
				COPY_PHASE_STRIP = YES;
				ENABLE_NS_ASSERTIONS = NO;
				ENABLE_STRICT_OBJC_MSGSEND = YES;
				GCC_C_LANGUAGE_STANDARD = gnu99;
				GCC_WARN_64_TO_32_BIT_CONVERSION = YES;
				GCC_WARN_ABOUT_RETURN_TYPE = YES_ERROR;
				GCC_WARN_UNDECLARED_SELECTOR = YES;
				GCC_WARN_UNINITIALIZED_AUTOS = YES_AGGRESSIVE;
				GCC_WARN_UNUSED_FUNCTION = YES;
				GCC_WARN_UNUSED_VARIABLE = YES;
				IPHONEOS_DEPLOYMENT_TARGET = 8.1;
				MTL_ENABLE_DEBUG_INFO = NO;
				SDKROOT = iphoneos;
				TARGETED_DEVICE_FAMILY = "1,2";
				VALIDATE_PRODUCT = YES;
			};
			name = Release;
		};
		D31C17011A7811AF00DDF9B6 /* Debug */ = {
			isa = XCBuildConfiguration;
			buildSettings = {
				ASSETCATALOG_COMPILER_APPICON_NAME = AppIcon;
				INFOPLIST_FILE = "Coryat-Swift/Info.plist";
				LD_RUNPATH_SEARCH_PATHS = "$(inherited) @executable_path/Frameworks";
				PRODUCT_NAME = "$(TARGET_NAME)";
			};
			name = Debug;
		};
		D31C17021A7811AF00DDF9B6 /* Release */ = {
			isa = XCBuildConfiguration;
			buildSettings = {
				ASSETCATALOG_COMPILER_APPICON_NAME = AppIcon;
				INFOPLIST_FILE = "Coryat-Swift/Info.plist";
				LD_RUNPATH_SEARCH_PATHS = "$(inherited) @executable_path/Frameworks";
				PRODUCT_NAME = "$(TARGET_NAME)";
			};
			name = Release;
		};
		D31C17041A7811AF00DDF9B6 /* Debug */ = {
			isa = XCBuildConfiguration;
			buildSettings = {
				BUNDLE_LOADER = "$(TEST_HOST)";
				FRAMEWORK_SEARCH_PATHS = (
					"$(SDKROOT)/Developer/Library/Frameworks",
					"$(inherited)",
				);
				GCC_PREPROCESSOR_DEFINITIONS = (
					"DEBUG=1",
					"$(inherited)",
				);
				INFOPLIST_FILE = "Coryat-SwiftTests/Info.plist";
				LD_RUNPATH_SEARCH_PATHS = "$(inherited) @executable_path/Frameworks @loader_path/Frameworks";
				PRODUCT_NAME = "$(TARGET_NAME)";
				TEST_HOST = "$(BUILT_PRODUCTS_DIR)/Coryat-Swift.app/Coryat-Swift";
			};
			name = Debug;
		};
		D31C17051A7811AF00DDF9B6 /* Release */ = {
			isa = XCBuildConfiguration;
			buildSettings = {
				BUNDLE_LOADER = "$(TEST_HOST)";
				FRAMEWORK_SEARCH_PATHS = (
					"$(SDKROOT)/Developer/Library/Frameworks",
					"$(inherited)",
				);
				INFOPLIST_FILE = "Coryat-SwiftTests/Info.plist";
				LD_RUNPATH_SEARCH_PATHS = "$(inherited) @executable_path/Frameworks @loader_path/Frameworks";
				PRODUCT_NAME = "$(TARGET_NAME)";
				TEST_HOST = "$(BUILT_PRODUCTS_DIR)/Coryat-Swift.app/Coryat-Swift";
			};
			name = Release;
		};
/* End XCBuildConfiguration section */

/* Begin XCConfigurationList section */
		D31C16D91A7811AF00DDF9B6 /* Build configuration list for PBXProject "Coryat-Swift" */ = {
			isa = XCConfigurationList;
			buildConfigurations = (
				D31C16FE1A7811AF00DDF9B6 /* Debug */,
				D31C16FF1A7811AF00DDF9B6 /* Release */,
			);
			defaultConfigurationIsVisible = 0;
			defaultConfigurationName = Release;
		};
		D31C17001A7811AF00DDF9B6 /* Build configuration list for PBXNativeTarget "Coryat-Swift" */ = {
			isa = XCConfigurationList;
			buildConfigurations = (
				D31C17011A7811AF00DDF9B6 /* Debug */,
				D31C17021A7811AF00DDF9B6 /* Release */,
			);
			defaultConfigurationIsVisible = 0;
			defaultConfigurationName = Release;
		};
		D31C17031A7811AF00DDF9B6 /* Build configuration list for PBXNativeTarget "Coryat-SwiftTests" */ = {
			isa = XCConfigurationList;
			buildConfigurations = (
				D31C17041A7811AF00DDF9B6 /* Debug */,
				D31C17051A7811AF00DDF9B6 /* Release */,
			);
			defaultConfigurationIsVisible = 0;
			defaultConfigurationName = Release;
		};
/* End XCConfigurationList section */

/* Begin XCVersionGroup section */
		D31C16E51A7811AF00DDF9B6 /* Coryat_Swift.xcdatamodeld */ = {
			isa = XCVersionGroup;
			children = (
				D31C16E61A7811AF00DDF9B6 /* Coryat_Swift.xcdatamodel */,
			);
			currentVersion = D31C16E61A7811AF00DDF9B6 /* Coryat_Swift.xcdatamodel */;
			path = Coryat_Swift.xcdatamodeld;
			sourceTree = "<group>";
			versionGroupType = wrapper.xcdatamodel;
		};
/* End XCVersionGroup section */
	};
	rootObject = D31C16D61A7811AF00DDF9B6 /* Project object */;
}
